<?xml version="1.0" encoding="utf-8"?>
<Project xmlns="http://schemas.microsoft.com/developer/msbuild/2003">
  <ItemGroup>
    <Filter Include="Generated Files">
      <UniqueIdentifier>{71ED8ED8-ACB9-4CE9-BBE1-E00B30144E11}</UniqueIdentifier>
      <Extensions>cpp;c;cxx;moc;h;def;odl;idl;res;</Extensions>
    </Filter>
    <Filter Include="Generated Files">
      <UniqueIdentifier>{71ED8ED8-ACB9-4CE9-BBE1-E00B30144E11}</UniqueIdentifier>
      <Extensions>cpp;c;cxx;moc;h;def;odl;idl;res;</Extensions>
    </Filter>
    <Filter Include="Header Files">
      <UniqueIdentifier>{93995380-89BD-4b04-88EB-625FBE52EBFB}</UniqueIdentifier>
      <Extensions>h;hpp;hxx;hm;inl;inc;xsd</Extensions>
    </Filter>
    <Filter Include="Header Files">
      <UniqueIdentifier>{93995380-89BD-4b04-88EB-625FBE52EBFB}</UniqueIdentifier>
      <Extensions>h;hpp;hxx;hm;inl;inc;xsd</Extensions>
    </Filter>
    <Filter Include="Source Files">
      <UniqueIdentifier>{4FC737F1-C7A5-4376-A066-2A32D752A2FF}</UniqueIdentifier>
      <Extensions>cpp;c;cxx;def;odl;idl;hpj;bat;asm;asmx</Extensions>
    </Filter>
    <Filter Include="Source Files">
      <UniqueIdentifier>{4FC737F1-C7A5-4376-A066-2A32D752A2FF}</UniqueIdentifier>
      <Extensions>cpp;c;cxx;def;odl;idl;hpj;bat;asm;asmx</Extensions>
    </Filter>
  </ItemGroup>
  <ItemGroup>
    <ClCompile Include="HPVCreator.cpp">
      <Filter>Source Files</Filter>
    </ClCompile>
    <ClCompile Include="Log.cpp">
      <Filter>Source Files</Filter>
    </ClCompile>
    <ClCompile Include="YCoCg.cpp">
      <Filter>Source Files</Filter>
    </ClCompile>
    <ClCompile Include="YCoCgDXT.cpp">
      <Filter>Source Files</Filter>
    </ClCompile>
    <ClCompile Include="alt_key.cpp">
      <Filter>Source Files</Filter>
    </ClCompile>
    <ClCompile Include="aqp.cpp">
      <Filter>Source Files</Filter>
    </ClCompile>
    <ClCompile Include="kuhn_munkres.cpp">
      <Filter>Source Files</Filter>
    </ClCompile>
    <ClCompile Include="lz4hc.c">
      <Filter>Source Files</Filter>
    </ClCompile>
    <ClCompile Include="main.cpp">
      <Filter>Source Files</Filter>
    </ClCompile>
    <ClCompile Include="mainwindow.cpp">
      <Filter>Source Files</Filter>
    </ClCompile>
  </ItemGroup>
  <ItemGroup>
    <ClInclude Include="HPVCreator.hpp">
      <Filter>Header Files</Filter>
    </ClInclude>
    <ClInclude Include="HPVHeader.hpp">
      <Filter>Header Files</Filter>
    </ClInclude>
    <ClInclude Include="Log.hpp">
      <Filter>Header Files</Filter>
    </ClInclude>
    <ClInclude Include="ThreadSafeContainers.hpp">
      <Filter>Header Files</Filter>
    </ClInclude>
    <ClInclude Include="Timer.h">
      <Filter>Header Files</Filter>
    </ClInclude>
    <ClInclude Include="YCoCg.h">
      <Filter>Header Files</Filter>
    </ClInclude>
    <ClInclude Include="YCoCgDXT.h">
      <Filter>Header Files</Filter>
    </ClInclude>
    <ClInclude Include="alt_key.hpp">
      <Filter>Header Files</Filter>
    </ClInclude>
    <ClInclude Include="aqp.hpp">
      <Filter>Header Files</Filter>
    </ClInclude>
    <ClInclude Include="kuhn_munkres.hpp">
      <Filter>Header Files</Filter>
    </ClInclude>
    <ClInclude Include="lz4.h">
      <Filter>Header Files</Filter>
    </ClInclude>
    <ClInclude Include="lz4hc.h">
      <Filter>Header Files</Filter>
    </ClInclude>
    <QtMoc Include="mainwindow.hpp">
      <Filter>Header Files</Filter>
    </QtMoc>
    <ClInclude Include="stb_dxt.h">
      <Filter>Header Files</Filter>
    </ClInclude>
    <ClInclude Include="stb_image.h">
      <Filter>Header Files</Filter>
    </ClInclude>
  </ItemGroup>
  <ItemGroup>
    
    
    <CustomBuild Include="debug\moc_predefs.h.cbt">
      <Filter>Generated Files</Filter>
    </CustomBuild>
    <CustomBuild Include="release\moc_predefs.h.cbt">
      <Filter>Generated Files</Filter>
    </CustomBuild>
  </ItemGroup>
  <ItemGroup>
    <ResourceCompile Include="E:\Libs\Holo_Toolset-1.1\HPV_Creator\HPVCreator_resource.rc" />
  </ItemGroup>
</Project>