
Microsoft Visual Studio Solution File, Format Version 12.00
# Visual Studio Version 16
VisualStudioVersion = 16.0.31321.278
MinimumVisualStudioVersion = 10.0.40219.1
Project("{8BC9CEB8-8B4A-11D0-8D11-00A0C91BC942}") = "HPVCreator", "HPVCreator.vcxproj", "{D00B531A-DDD8-3C16-8B59-6789A8B694DF}"
EndProject
Global
	GlobalSection(SolutionConfigurationPlatforms) = preSolution
		Debug|x64 = Debug|x64
		Release|x64 = Release|x64
	EndGlobalSection
	GlobalSection(ProjectConfigurationPlatforms) = postSolution
		{D00B531A-DDD8-3C16-8B59-6789A8B694DF}.Debug|x64.ActiveCfg = Debug|x64
		{D00B531A-DDD8-3C16-8B59-6789A8B694DF}.Debug|x64.Build.0 = Debug|x64
		{D00B531A-DDD8-3C16-8B59-6789A8B694DF}.Release|x64.ActiveCfg = Release|x64
		{D00B531A-DDD8-3C16-8B59-6789A8B694DF}.Release|x64.Build.0 = Release|x64
	EndGlobalSection
	GlobalSection(SolutionProperties) = preSolution
		HideSolutionNode = FALSE
	EndGlobalSection
	GlobalSection(ExtensibilityGlobals) = postSolution
		SolutionGuid = {08133094-55D5-4C1A-8B31-93EBE9A9630F}
	EndGlobalSection
EndGlobal
